<Solution>
  <Folder Name="/docs/">
    <File Path="..\..\docs\language.md" />
  </Folder>
  <Folder Name="/externals/">
    <Project Path="../../externals/EasyParsing/src/EasyParsing/EasyParsing.csproj" />
  </Folder>
  <Folder Name="/solution/">
    <File Path="..\..\README.md" />
    <File Path="global.json" />
  </Folder>
  <Folder Name="/tests/">
    <Project Path="FormulaForge.Engine.Tests/FormulaForge.Engine.Tests.csproj" />
  </Folder>
  <Project Path="FormulaForge.ApiService/FormulaForge.ApiService.csproj" />
  <Project Path="FormulaForge.AppHost/FormulaForge.AppHost.csproj" />
  <Project Path="FormulaForge.Engine/FormulaForge.Engine.csproj" />
  <Project Path="FormulaForge.ServiceDefaults/FormulaForge.ServiceDefaults.csproj" />
  <Project Path="FormulaForge.Web/FormulaForge.Web.csproj" />
</Solution>
